# THIS IS AN AUTOGENERATED FILE. DO NOT EDIT THIS FILE DIRECTLY.
# yarn lockfile v1


"@cspotcode/source-map-support@^0.8.0":
  version "0.8.1"
  resolved "https://registry.yarnpkg.com/@cspotcode/source-map-support/-/source-map-support-0.8.1.tgz#00629c35a688e05a88b1cda684fb9d5e73f000a1"
  integrity sha512-IchNf6dN4tHoMFIn/7OE8LWZ19Y6q/67Bmf6vnGREv8RSbBVb9LPJxEcnwrcwX6ixSvaiGoomAUvu4YSxXrVgw==
  dependencies:
    "@jridgewell/trace-mapping" "0.3.9"

"@jridgewell/resolve-uri@^3.0.3":
  version "3.1.0"
  resolved "https://registry.yarnpkg.com/@jridgewell/resolve-uri/-/resolve-uri-3.1.0.tgz#2203b118c157721addfe69d47b70465463066d78"
  integrity sha512-F2msla3tad+Mfht5cJq7LSXcdudKTWCVYUgw6pLFOOHSTtZlj6SWNYAp+AhuqLmWdBO2X5hPrLcu8cVP8fy28w==

"@jridgewell/sourcemap-codec@^1.4.10":
  version "1.4.14"
  resolved "https://registry.yarnpkg.com/@jridgewell/sourcemap-codec/-/sourcemap-codec-1.4.14.tgz#add4c98d341472a289190b424efbdb096991bb24"
  integrity sha512-XPSJHWmi394fuUuzDnGz1wiKqWfo1yXecHQMRf2l6hztTO+nPru658AyDngaBe7isIxEkRsPR3FZh+s7iVa4Uw==

"@jridgewell/trace-mapping@0.3.9":
  version "0.3.9"
  resolved "https://registry.yarnpkg.com/@jridgewell/trace-mapping/-/trace-mapping-0.3.9.tgz#6534fd5933a53ba7cbf3a17615e273a0d1273ff9"
  integrity sha512-3Belt6tdc8bPgAtbcmdtNJlirVoTmEb5e2gC94PnkwEW9jI6CAHUeoG85tjWP5WquqfavoMtMwiG4P926ZKKuQ==
  dependencies:
    "@jridgewell/resolve-uri" "^3.0.3"
    "@jridgewell/sourcemap-codec" "^1.4.10"

"@octokit/app@^13.0.5":
  version "13.0.11"
  resolved "https://registry.yarnpkg.com/@octokit/app/-/app-13.0.11.tgz#6c61b9a614e0d913e4cb0201bb0911d5115f28c0"
  integrity sha512-qlUynCN1+BNYQ6VaJOMCqDdCo/2yzPixuoFnbcUThakRV+5969Tp+LTAtsZWjjb/tUHfutaAYOnsia1EGTAzfA==
  dependencies:
    "@octokit/auth-app" "^4.0.0"
    "@octokit/auth-unauthenticated" "^3.0.0"
    "@octokit/core" "^4.0.0"
    "@octokit/oauth-app" "^4.0.7"
    "@octokit/plugin-paginate-rest" "^5.0.0"
    "@octokit/types" "^8.0.0"
    "@octokit/webhooks" "^10.0.0"

"@octokit/auth-app@^4.0.0":
  version "4.0.7"
  resolved "https://registry.yarnpkg.com/@octokit/auth-app/-/auth-app-4.0.7.tgz#417c327e6a7ada1e6e9651db681146f8c12728e3"
  integrity sha512-hjjVCoI/+1oLminVHJPPexguYb9FP4Q60hEHExgy1uAKMMJ5Zf8iJIeRJlIIqneTb4vt7NvUTEj4YDxBLZ1FLg==
  dependencies:
    "@octokit/auth-oauth-app" "^5.0.0"
    "@octokit/auth-oauth-user" "^2.0.0"
    "@octokit/request" "^6.0.0"
    "@octokit/request-error" "^3.0.0"
    "@octokit/types" "^8.0.0"
    "@types/lru-cache" "^5.1.0"
    deprecation "^2.3.1"
    lru-cache "^6.0.0"
    universal-github-app-jwt "^1.0.1"
    universal-user-agent "^6.0.0"

"@octokit/auth-oauth-app@^5.0.0":
  version "5.0.4"
  resolved "https://registry.yarnpkg.com/@octokit/auth-oauth-app/-/auth-oauth-app-5.0.4.tgz#ebd9a38f75381093d1a5e08e05b70b94f0918277"
  integrity sha512-zlWuii5hAN50vsV6SJC+uIJ7SMhyWjQMEmKJQxkmNDlieE9LjnkZnbOjqRsfcG7VO7WTl4K8ccpo/3A7Kdpmrw==
  dependencies:
    "@octokit/auth-oauth-device" "^4.0.0"
    "@octokit/auth-oauth-user" "^2.0.0"
    "@octokit/request" "^6.0.0"
    "@octokit/types" "^8.0.0"
    "@types/btoa-lite" "^1.0.0"
    btoa-lite "^1.0.0"
    universal-user-agent "^6.0.0"

"@octokit/auth-oauth-device@^4.0.0":
  version "4.0.3"
  resolved "https://registry.yarnpkg.com/@octokit/auth-oauth-device/-/auth-oauth-device-4.0.3.tgz#00ce77233517e0d7d39e42a02652f64337d9df81"
  integrity sha512-KPTx5nMntKjNZzzltO3X4T68v22rd7Cp/TcLJXQE2U8aXPcZ9LFuww9q9Q5WUNSu3jwi3lRwzfkPguRfz1R8Vg==
  dependencies:
    "@octokit/oauth-methods" "^2.0.0"
    "@octokit/request" "^6.0.0"
    "@octokit/types" "^8.0.0"
    universal-user-agent "^6.0.0"

"@octokit/auth-oauth-user@^2.0.0":
  version "2.0.4"
  resolved "https://registry.yarnpkg.com/@octokit/auth-oauth-user/-/auth-oauth-user-2.0.4.tgz#88f060ec678d7d493695af8d827e115dd064e212"
  integrity sha512-HrbDzTPqz6GcGSOUkR+wSeF3vEqsb9NMsmPja/qqqdiGmlk/Czkxctc3KeWYogHonp62Ml4kjz2VxKawrFsadQ==
  dependencies:
    "@octokit/auth-oauth-device" "^4.0.0"
    "@octokit/oauth-methods" "^2.0.0"
    "@octokit/request" "^6.0.0"
    "@octokit/types" "^8.0.0"
    btoa-lite "^1.0.0"
    universal-user-agent "^6.0.0"

"@octokit/auth-token@^3.0.0":
  version "3.0.2"
  resolved "https://registry.yarnpkg.com/@octokit/auth-token/-/auth-token-3.0.2.tgz#a0fc8de149fd15876e1ac78f6525c1c5ab48435f"
  integrity sha512-pq7CwIMV1kmzkFTimdwjAINCXKTajZErLB4wMLYapR2nuB/Jpr66+05wOTZMSCBXP6n4DdDWT2W19Bm17vU69Q==
  dependencies:
    "@octokit/types" "^8.0.0"

"@octokit/auth-unauthenticated@^3.0.0":
  version "3.0.3"
  resolved "https://registry.yarnpkg.com/@octokit/auth-unauthenticated/-/auth-unauthenticated-3.0.3.tgz#2fa91ca84a8c8cec244241c2a13732fc5a404a22"
  integrity sha512-IyfLo1T5GmIC9+07hHGlD3gHtZI1Bona8PLhHXUnwcYDuZt0BhjlNJDYMoPG21C4r7v7+ZSxQHBKrGgkxpYb7A==
  dependencies:
    "@octokit/request-error" "^3.0.0"
    "@octokit/types" "^8.0.0"

"@octokit/core@^4.0.0", "@octokit/core@^4.0.4":
  version "4.1.0"
  resolved "https://registry.yarnpkg.com/@octokit/core/-/core-4.1.0.tgz#b6b03a478f1716de92b3f4ec4fd64d05ba5a9251"
  integrity sha512-Czz/59VefU+kKDy+ZfDwtOIYIkFjExOKf+HA92aiTZJ6EfWpFzYQWw0l54ji8bVmyhc+mGaLUbSUmXazG7z5OQ==
  dependencies:
    "@octokit/auth-token" "^3.0.0"
    "@octokit/graphql" "^5.0.0"
    "@octokit/request" "^6.0.0"
    "@octokit/request-error" "^3.0.0"
    "@octokit/types" "^8.0.0"
    before-after-hook "^2.2.0"
    universal-user-agent "^6.0.0"

"@octokit/endpoint@^7.0.0":
  version "7.0.3"
  resolved "https://registry.yarnpkg.com/@octokit/endpoint/-/endpoint-7.0.3.tgz#0b96035673a9e3bedf8bab8f7335de424a2147ed"
  integrity sha512-57gRlb28bwTsdNXq+O3JTQ7ERmBTuik9+LelgcLIVfYwf235VHbN9QNo4kXExtp/h8T423cR5iJThKtFYxC7Lw==
  dependencies:
    "@octokit/types" "^8.0.0"
    is-plain-object "^5.0.0"
    universal-user-agent "^6.0.0"

"@octokit/graphql-schema@^12.30.1":
  version "12.30.1"
  resolved "https://registry.yarnpkg.com/@octokit/graphql-schema/-/graphql-schema-12.30.1.tgz#fad2728fc0b2a0c5e49f250cbe952f86bbf229d0"
  integrity sha512-jkL7SVcqxVVDTu13BCZq7YgRWeM4w/lJVoqSlxdQCUXspIdmpM8t3rR6k/5b6t8JKiEwAM36rox7fjYdp+Pk6w==
  dependencies:
    graphql "^16.0.0"
    graphql-tag "^2.10.3"

"@octokit/graphql@^5.0.0":
  version "5.0.4"
  resolved "https://registry.yarnpkg.com/@octokit/graphql/-/graphql-5.0.4.tgz#519dd5c05123868276f3ae4e50ad565ed7dff8c8"
  integrity sha512-amO1M5QUQgYQo09aStR/XO7KAl13xpigcy/kI8/N1PnZYSS69fgte+xA4+c2DISKqUZfsh0wwjc2FaCt99L41A==
  dependencies:
    "@octokit/request" "^6.0.0"
    "@octokit/types" "^8.0.0"
    universal-user-agent "^6.0.0"

"@octokit/oauth-app@^4.0.6", "@octokit/oauth-app@^4.0.7":
  version "4.1.0"
  resolved "https://registry.yarnpkg.com/@octokit/oauth-app/-/oauth-app-4.1.0.tgz#23782e77141015a4a3483820cd339ea62e85bb85"
  integrity sha512-dGZcfmwPkS3VZ9CNnvNszp6mlnbOZh9+/uPNiK/AkvSUJGXTbUVIZTkMvAjbyIFw2WlIx++hhtrTeKNJq6uMbw==
  dependencies:
    "@octokit/auth-oauth-app" "^5.0.0"
    "@octokit/auth-oauth-user" "^2.0.0"
    "@octokit/auth-unauthenticated" "^3.0.0"
    "@octokit/core" "^4.0.0"
    "@octokit/oauth-authorization-url" "^5.0.0"
    "@octokit/oauth-methods" "^2.0.0"
    "@types/aws-lambda" "^8.10.83"
    fromentries "^1.3.1"
    universal-user-agent "^6.0.0"

"@octokit/oauth-authorization-url@^5.0.0":
  version "5.0.0"
  resolved "https://registry.yarnpkg.com/@octokit/oauth-authorization-url/-/oauth-authorization-url-5.0.0.tgz#029626ce87f3b31addb98cd0d2355c2381a1c5a1"
  integrity sha512-y1WhN+ERDZTh0qZ4SR+zotgsQUE1ysKnvBt1hvDRB2WRzYtVKQjn97HEPzoehh66Fj9LwNdlZh+p6TJatT0zzg==

"@octokit/oauth-methods@^2.0.0":
  version "2.0.4"
  resolved "https://registry.yarnpkg.com/@octokit/oauth-methods/-/oauth-methods-2.0.4.tgz#6abd9593ca7f91fe5068375a363bd70abd5516dc"
  integrity sha512-RDSa6XL+5waUVrYSmOlYROtPq0+cfwppP4VaQY/iIei3xlFb0expH6YNsxNrZktcLhJWSpm9uzeom+dQrXlS3A==
  dependencies:
    "@octokit/oauth-authorization-url" "^5.0.0"
    "@octokit/request" "^6.0.0"
    "@octokit/request-error" "^3.0.0"
    "@octokit/types" "^8.0.0"
    btoa-lite "^1.0.0"

"@octokit/openapi-types@^14.0.0":
  version "14.0.0"
  resolved "https://registry.yarnpkg.com/@octokit/openapi-types/-/openapi-types-14.0.0.tgz#949c5019028c93f189abbc2fb42f333290f7134a"
  integrity sha512-HNWisMYlR8VCnNurDU6os2ikx0s0VyEjDYHNS/h4cgb8DeOxQ0n72HyinUtdDVxJhFy3FWLGl0DJhfEWk3P5Iw==

"@octokit/plugin-paginate-rest@^5.0.0":
  version "5.0.1"
  resolved "https://registry.yarnpkg.com/@octokit/plugin-paginate-rest/-/plugin-paginate-rest-5.0.1.tgz#93d7e74f1f69d68ba554fa6b888c2a9cf1f99a83"
  integrity sha512-7A+rEkS70pH36Z6JivSlR7Zqepz3KVucEFVDnSrgHXzG7WLAzYwcHZbKdfTXHwuTHbkT1vKvz7dHl1+HNf6Qyw==
  dependencies:
    "@octokit/types" "^8.0.0"

"@octokit/plugin-rest-endpoint-methods@^6.0.0":
  version "6.7.0"
  resolved "https://registry.yarnpkg.com/@octokit/plugin-rest-endpoint-methods/-/plugin-rest-endpoint-methods-6.7.0.tgz#2f6f17f25b6babbc8b41d2bb0a95a8839672ce7c"
  integrity sha512-orxQ0fAHA7IpYhG2flD2AygztPlGYNAdlzYz8yrD8NDgelPfOYoRPROfEyIe035PlxvbYrgkfUZIhSBKju/Cvw==
  dependencies:
    "@octokit/types" "^8.0.0"
    deprecation "^2.3.1"

"@octokit/plugin-retry@^4.0.3":
  version "4.0.3"
  resolved "https://registry.yarnpkg.com/@octokit/plugin-retry/-/plugin-retry-4.0.3.tgz#75427ba1ad92afde07af9cb0c5197f214bb036e1"
  integrity sha512-tDR+4Cs9GPPNJ7/RjTEq5ty2wqjKe1hRUV7/hch+nORow5LshlHXTT1qfYNsFPw3S9szvFFAfDEFq/xwrEpL7g==
  dependencies:
    "@octokit/types" "^8.0.0"
    bottleneck "^2.15.3"

"@octokit/plugin-throttling@^4.0.1":
  version "4.3.2"
  resolved "https://registry.yarnpkg.com/@octokit/plugin-throttling/-/plugin-throttling-4.3.2.tgz#d5eb363d5282c74b2839454a87545c5f90591a80"
  integrity sha512-ZaCK599h3tzcoy0Jtdab95jgmD7X9iAk59E2E7hYKCAmnURaI4WpzwL9vckImilybUGrjY1JOWJapDs2N2D3vw==
  dependencies:
    "@octokit/types" "^8.0.0"
    bottleneck "^2.15.3"

"@octokit/request-error@^3.0.0":
  version "3.0.2"
  resolved "https://registry.yarnpkg.com/@octokit/request-error/-/request-error-3.0.2.tgz#f74c0f163d19463b87528efe877216c41d6deb0a"
  integrity sha512-WMNOFYrSaX8zXWoJg9u/pKgWPo94JXilMLb2VManNOby9EZxrQaBe/QSC4a1TzpAlpxofg2X/jMnCyZgL6y7eg==
  dependencies:
    "@octokit/types" "^8.0.0"
    deprecation "^2.0.0"
    once "^1.4.0"

"@octokit/request@^6.0.0":
  version "6.2.2"
  resolved "https://registry.yarnpkg.com/@octokit/request/-/request-6.2.2.tgz#a2ba5ac22bddd5dcb3f539b618faa05115c5a255"
  integrity sha512-6VDqgj0HMc2FUX2awIs+sM6OwLgwHvAi4KCK3mT2H2IKRt6oH9d0fej5LluF5mck1lRR/rFWN0YIDSYXYSylbw==
  dependencies:
    "@octokit/endpoint" "^7.0.0"
    "@octokit/request-error" "^3.0.0"
    "@octokit/types" "^8.0.0"
    is-plain-object "^5.0.0"
    node-fetch "^2.6.7"
    universal-user-agent "^6.0.0"

"@octokit/types@^8.0.0":
  version "8.0.0"
  resolved "https://registry.yarnpkg.com/@octokit/types/-/types-8.0.0.tgz#93f0b865786c4153f0f6924da067fe0bb7426a9f"
  integrity sha512-65/TPpOJP1i3K4lBJMnWqPUJ6zuOtzhtagDvydAWbEXpbFYA0oMKKyLb95NFZZP0lSh/4b6K+DQlzvYQJQQePg==
  dependencies:
    "@octokit/openapi-types" "^14.0.0"

"@octokit/webhooks-methods@^3.0.0":
  version "3.0.1"
  resolved "https://registry.yarnpkg.com/@octokit/webhooks-methods/-/webhooks-methods-3.0.1.tgz#041ed0e5728cc076e375c372dd803ded5905535f"
  integrity sha512-XftYVcBxtzC2G05kdBNn9IYLtQ+Cz6ufKkjZd0DU/qGaZEFTPzM2OabXAWG5tvL0q/I+Exio1JnRiPfetiMSEw==

"@octokit/webhooks-types@6.6.0":
  version "6.6.0"
  resolved "https://registry.yarnpkg.com/@octokit/webhooks-types/-/webhooks-types-6.6.0.tgz#8f6e15aca2d42f7310ffbe8b8f1799ee206dc1df"
  integrity sha512-czpEwg4UA3hb0G345BVk1zMXWwX0Qdaa4F/z7C3bP6baQ9AWY/VmCYydLU+Pi4z3aOPEJYCvt9zVhZ5CutqBKw==

"@octokit/webhooks@^10.0.0":
  version "10.3.1"
  resolved "https://registry.yarnpkg.com/@octokit/webhooks/-/webhooks-10.3.1.tgz#a0d0d41873fe6f16cad89a893933a96ad3dc74a6"
  integrity sha512-TSGiz9+IxP8Oh8LVFwhzLYTJ+8T/U6/fC/i1/iB39izyFzoEub3wNHlsfh8A6PUbde70w2pLr/O2ELlyQdrLgg==
  dependencies:
    "@octokit/request-error" "^3.0.0"
    "@octokit/webhooks-methods" "^3.0.0"
    "@octokit/webhooks-types" "6.6.0"
    aggregate-error "^3.1.0"

"@tsconfig/node10@^1.0.7":
  version "1.0.9"
  resolved "https://registry.yarnpkg.com/@tsconfig/node10/-/node10-1.0.9.tgz#df4907fc07a886922637b15e02d4cebc4c0021b2"
  integrity sha512-jNsYVVxU8v5g43Erja32laIDHXeoNvFEpX33OK4d6hljo3jDhCBDhx5dhCCTMWUojscpAagGiRkBKxpdl9fxqA==

"@tsconfig/node12@^1.0.7":
  version "1.0.11"
  resolved "https://registry.yarnpkg.com/@tsconfig/node12/-/node12-1.0.11.tgz#ee3def1f27d9ed66dac6e46a295cffb0152e058d"
  integrity sha512-cqefuRsh12pWyGsIoBKJA9luFu3mRxCA+ORZvA4ktLSzIuCUtWVxGIuXigEwO5/ywWFMZ2QEGKWvkZG1zDMTag==

"@tsconfig/node14@^1.0.0":
  version "1.0.3"
  resolved "https://registry.yarnpkg.com/@tsconfig/node14/-/node14-1.0.3.tgz#e4386316284f00b98435bf40f72f75a09dabf6c1"
  integrity sha512-ysT8mhdixWK6Hw3i1V2AeRqZ5WfXg1G43mqoYlM2nc6388Fq5jcXyr5mRsqViLx/GJYdoL0bfXD8nmF+Zn/Iow==

"@tsconfig/node16@^1.0.2":
  version "1.0.3"
  resolved "https://registry.yarnpkg.com/@tsconfig/node16/-/node16-1.0.3.tgz#472eaab5f15c1ffdd7f8628bd4c4f753995ec79e"
  integrity sha512-yOlFc+7UtL/89t2ZhjPvvB/DeAr3r+Dq58IgzsFkOAvVC6NMJXmCGjbptdXdR9qsX7pKcTL+s87FtYREi2dEEQ==

"@types/aws-lambda@^8.10.83":
  version "8.10.108"
  resolved "https://registry.yarnpkg.com/@types/aws-lambda/-/aws-lambda-8.10.108.tgz#ddadf0d9182f2f5e689ce5fc05b5f711fad6d115"
  integrity sha512-1yh1W1WoqK3lGHy+V/Fi55zobxrDHUUsluCWdMlOXkCvtsCmHPXOG+CQ2STIL4B1g6xi6I6XzxaF8V9+zeIFLA==

"@types/btoa-lite@^1.0.0":
  version "1.0.0"
  resolved "https://registry.yarnpkg.com/@types/btoa-lite/-/btoa-lite-1.0.0.tgz#e190a5a548e0b348adb0df9ac7fa5f1151c7cca4"
  integrity sha512-wJsiX1tosQ+J5+bY5LrSahHxr2wT+uME5UDwdN1kg4frt40euqA+wzECkmq4t5QbveHiJepfdThgQrPw6KiSlg==

"@types/jsonwebtoken@^8.3.3":
  version "8.5.9"
  resolved "https://registry.yarnpkg.com/@types/jsonwebtoken/-/jsonwebtoken-8.5.9.tgz#2c064ecb0b3128d837d2764aa0b117b0ff6e4586"
  integrity sha512-272FMnFGzAVMGtu9tkr29hRL6bZj4Zs1KZNeHLnKqAvp06tAIcarTMwOh8/8bz4FmKRcMxZhZNeUAQsNLoiPhg==
  dependencies:
    "@types/node" "*"

"@types/lru-cache@^5.1.0":
  version "5.1.1"
  resolved "https://registry.yarnpkg.com/@types/lru-cache/-/lru-cache-5.1.1.tgz#c48c2e27b65d2a153b19bfc1a317e30872e01eef"
  integrity sha512-ssE3Vlrys7sdIzs5LOxCzTVMsU7i9oa/IaW92wF32JFb3CVczqOkru2xspuKczHEbG3nvmPY7IFqVmGGHdNbYw==

"@types/node@*", "@types/node@^18.11.9":
  version "18.11.9"
  resolved "https://registry.yarnpkg.com/@types/node/-/node-18.11.9.tgz#02d013de7058cea16d36168ef2fc653464cfbad4"
  integrity sha512-CRpX21/kGdzjOpFsZSkcrXMGIBWMGNIHXXBVFSH+ggkftxg+XYP20TESbh+zFvFj3EQOl5byk0HTRn1IL6hbqg==

acorn-walk@^8.1.1:
  version "8.2.0"
  resolved "https://registry.yarnpkg.com/acorn-walk/-/acorn-walk-8.2.0.tgz#741210f2e2426454508853a2f44d0ab83b7f69c1"
  integrity sha512-k+iyHEuPgSw6SbuDpGQM+06HQUa04DZ3o+F6CSzXMvvI5KMvnaEqXe+YVe555R9nn6GPt404fos4wcgpw12SDA==

acorn@^8.4.1:
  version "8.8.1"
  resolved "https://registry.yarnpkg.com/acorn/-/acorn-8.8.1.tgz#0a3f9cbecc4ec3bea6f0a80b66ae8dd2da250b73"
  integrity sha512-7zFpHzhnqYKrkYdUjF1HI1bzd0VygEGX8lFk4k5zVMqHEoES+P+7TKI+EvLO9WVMJ8eekdO0aDEK044xTXwPPA==

aggregate-error@^3.1.0:
  version "3.1.0"
  resolved "https://registry.yarnpkg.com/aggregate-error/-/aggregate-error-3.1.0.tgz#92670ff50f5359bdb7a3e0d40d0ec30c5737687a"
  integrity sha512-4I7Td01quW/RpocfNayFdFVk1qSuoh0E7JrbRJ16nH01HhKFQ88INq9Sd+nd72zqRySlr9BmDA8xlEJ6vJMrYA==
  dependencies:
    clean-stack "^2.0.0"
    indent-string "^4.0.0"

arg@^4.1.0:
  version "4.1.3"
  resolved "https://registry.yarnpkg.com/arg/-/arg-4.1.3.tgz#269fc7ad5b8e42cb63c896d5666017261c144089"
  integrity sha512-58S9QDqG0Xx27YwPSt9fJxivjYl432YCwfDMfZ+71RAqUrZef7LrKQZ3LHLOwCS4FLNBplP533Zx895SeOCHvA==

before-after-hook@^2.2.0:
  version "2.2.3"
  resolved "https://registry.yarnpkg.com/before-after-hook/-/before-after-hook-2.2.3.tgz#c51e809c81a4e354084422b9b26bad88249c517c"
  integrity sha512-NzUnlZexiaH/46WDhANlyR2bXRopNg4F/zuSA3OpZnllCUgRaOF2znDioDWrmbNVsuZk6l9pMquQB38cfBZwkQ==

bottleneck@^2.15.3:
  version "2.19.5"
  resolved "https://registry.yarnpkg.com/bottleneck/-/bottleneck-2.19.5.tgz#5df0b90f59fd47656ebe63c78a98419205cadd91"
  integrity sha512-VHiNCbI1lKdl44tGrhNfU3lup0Tj/ZBMJB5/2ZbNXRCPuRCO7ed2mgcK4r17y+KB2EfuYuRaVlwNbAeaWGSpbw==

btoa-lite@^1.0.0:
  version "1.0.0"
  resolved "https://registry.yarnpkg.com/btoa-lite/-/btoa-lite-1.0.0.tgz#337766da15801210fdd956c22e9c6891ab9d0337"
  integrity sha512-gvW7InbIyF8AicrqWoptdW08pUxuhq8BEgowNajy9RhiE86fmGAGl+bLKo6oB8QP0CkqHLowfN0oJdKC/J6LbA==

buffer-equal-constant-time@1.0.1:
  version "1.0.1"
  resolved "https://registry.yarnpkg.com/buffer-equal-constant-time/-/buffer-equal-constant-time-1.0.1.tgz#f8e71132f7ffe6e01a5c9697a4c6f3e48d5cc819"
  integrity sha512-zRpUiDwd/xk6ADqPMATG8vc9VPrkck7T07OIx0gnjmJAnHnTVXNQG3vfvWNuiZIkwu9KrKdA1iJKfsfTVxE6NA==

clean-stack@^2.0.0:
  version "2.2.0"
  resolved "https://registry.yarnpkg.com/clean-stack/-/clean-stack-2.2.0.tgz#ee8472dbb129e727b31e8a10a427dee9dfe4008b"
  integrity sha512-4diC9HaTE+KRAMWhDhrGOECgWZxoevMc5TlkObMqNSsVU62PYzXZ/SMTjzyGAFF1YusgxGcSWTEXBhp0CPwQ1A==

create-require@^1.1.0:
  version "1.1.1"
  resolved "https://registry.yarnpkg.com/create-require/-/create-require-1.1.1.tgz#c1d7e8f1e5f6cfc9ff65f9cd352d37348756c333"
  integrity sha512-dcKFX3jn0MpIaXjisoRvexIJVEKzaq7z2rZKxf+MSr9TkdmHmsU4m2lcLojrj/FHl8mk5VxMmYA+ftRkP/3oKQ==

deprecation@^2.0.0, deprecation@^2.3.1:
  version "2.3.1"
  resolved "https://registry.yarnpkg.com/deprecation/-/deprecation-2.3.1.tgz#6368cbdb40abf3373b525ac87e4a260c3a700919"
  integrity sha512-xmHIy4F3scKVwMsQ4WnVaS8bHOx0DmVwRywosKhaILI0ywMDWPtBSku2HNxRvF7jtwDRsoEwYQSfbxj8b7RlJQ==

diff@^4.0.1:
  version "4.0.2"
  resolved "https://registry.yarnpkg.com/diff/-/diff-4.0.2.tgz#60f3aecb89d5fae520c11aa19efc2bb982aade7d"
  integrity sha512-58lmxKSA4BNyLz+HHMUzlOEpg09FV+ev6ZMe3vJihgdxzgcwZ8VoEEPmALCZG9LmqfVoNMMKpttIYTVG6uDY7A==

ecdsa-sig-formatter@1.0.11:
  version "1.0.11"
  resolved "https://registry.yarnpkg.com/ecdsa-sig-formatter/-/ecdsa-sig-formatter-1.0.11.tgz#ae0f0fa2d85045ef14a817daa3ce9acd0489e5bf"
  integrity sha512-nagl3RYrbNv6kQkeJIpt6NJZy8twLB/2vtz6yN9Z4vRKHN4/QZJIEbqohALSgwKdnksuY3k5Addp5lg8sVoVcQ==
  dependencies:
    safe-buffer "^5.0.1"

fromentries@^1.3.1:
  version "1.3.2"
  resolved "https://registry.yarnpkg.com/fromentries/-/fromentries-1.3.2.tgz#e4bca6808816bf8f93b52750f1127f5a6fd86e3a"
  integrity sha512-cHEpEQHUg0f8XdtZCc2ZAhrHzKzT0MrFUTcvx+hfxYu7rGMDc5SKoXFh+n4YigxsHXRzc6OrCshdR1bWH6HHyg==

graphql-tag@^2.10.3:
  version "2.12.6"
  resolved "https://registry.yarnpkg.com/graphql-tag/-/graphql-tag-2.12.6.tgz#d441a569c1d2537ef10ca3d1633b48725329b5f1"
  integrity sha512-FdSNcu2QQcWnM2VNvSCCDCVS5PpPqpzgFT8+GXzqJuoDd0CBncxCY278u4mhRO7tMgo2JjgJA5aZ+nWSQ/Z+xg==
  dependencies:
    tslib "^2.1.0"

graphql@^16.0.0:
  version "16.6.0"
  resolved "https://registry.yarnpkg.com/graphql/-/graphql-16.6.0.tgz#c2dcffa4649db149f6282af726c8c83f1c7c5fdb"
  integrity sha512-KPIBPDlW7NxrbT/eh4qPXz5FiFdL5UbaA0XUNz2Rp3Z3hqBSkbj0GVjwFDztsWVauZUWsbKHgMg++sk8UX0bkw==

indent-string@^4.0.0:
  version "4.0.0"
  resolved "https://registry.yarnpkg.com/indent-string/-/indent-string-4.0.0.tgz#624f8f4497d619b2d9768531d58f4122854d7251"
  integrity sha512-EdDDZu4A2OyIK7Lr/2zG+w5jmbuk1DVBnEwREQvBzspBJkCEbRa8GxU1lghYcaGJCnRWibjDXlq779X1/y5xwg==

is-plain-object@^5.0.0:
  version "5.0.0"
  resolved "https://registry.yarnpkg.com/is-plain-object/-/is-plain-object-5.0.0.tgz#4427f50ab3429e9025ea7d52e9043a9ef4159344"
  integrity sha512-VRSzKkbMm5jMDoKLbltAkFQ5Qr7VDiTFGXxYFXXowVj387GeGNOCsOH6Msy00SGZ3Fp84b1Naa1psqgcCIEP5Q==

jsonwebtoken@^8.5.1:
  version "8.5.1"
  resolved "https://registry.yarnpkg.com/jsonwebtoken/-/jsonwebtoken-8.5.1.tgz#00e71e0b8df54c2121a1f26137df2280673bcc0d"
  integrity sha512-XjwVfRS6jTMsqYs0EsuJ4LGxXV14zQybNd4L2r0UvbVnSF9Af8x7p5MzbJ90Ioz/9TI41/hTCvznF/loiSzn8w==
  dependencies:
    jws "^3.2.2"
    lodash.includes "^4.3.0"
    lodash.isboolean "^3.0.3"
    lodash.isinteger "^4.0.4"
    lodash.isnumber "^3.0.3"
    lodash.isplainobject "^4.0.6"
    lodash.isstring "^4.0.1"
    lodash.once "^4.0.0"
    ms "^2.1.1"
    semver "^5.6.0"

jwa@^1.4.1:
  version "1.4.1"
  resolved "https://registry.yarnpkg.com/jwa/-/jwa-1.4.1.tgz#743c32985cb9e98655530d53641b66c8645b039a"
  integrity sha512-qiLX/xhEEFKUAJ6FiBMbes3w9ATzyk5W7Hvzpa/SLYdxNtng+gcurvrI7TbACjIXlsJyr05/S1oUhZrc63evQA==
  dependencies:
    buffer-equal-constant-time "1.0.1"
    ecdsa-sig-formatter "1.0.11"
    safe-buffer "^5.0.1"

jws@^3.2.2:
  version "3.2.2"
  resolved "https://registry.yarnpkg.com/jws/-/jws-3.2.2.tgz#001099f3639468c9414000e99995fa52fb478304"
  integrity sha512-YHlZCB6lMTllWDtSPHz/ZXTsi8S00usEV6v1tjq8tOUZzw7DpSDWVXjXDre6ed1w/pd495ODpHZYSdkRTsa0HA==
  dependencies:
    jwa "^1.4.1"
    safe-buffer "^5.0.1"

lodash.includes@^4.3.0:
  version "4.3.0"
  resolved "https://registry.yarnpkg.com/lodash.includes/-/lodash.includes-4.3.0.tgz#60bb98a87cb923c68ca1e51325483314849f553f"
  integrity sha512-W3Bx6mdkRTGtlJISOvVD/lbqjTlPPUDTMnlXZFnVwi9NKJ6tiAk6LVdlhZMm17VZisqhKcgzpO5Wz91PCt5b0w==

lodash.isboolean@^3.0.3:
  version "3.0.3"
  resolved "https://registry.yarnpkg.com/lodash.isboolean/-/lodash.isboolean-3.0.3.tgz#6c2e171db2a257cd96802fd43b01b20d5f5870f6"
  integrity sha512-Bz5mupy2SVbPHURB98VAcw+aHh4vRV5IPNhILUCsOzRmsTmSQ17jIuqopAentWoehktxGd9e/hbIXq980/1QJg==

lodash.isinteger@^4.0.4:
  version "4.0.4"
  resolved "https://registry.yarnpkg.com/lodash.isinteger/-/lodash.isinteger-4.0.4.tgz#619c0af3d03f8b04c31f5882840b77b11cd68343"
  integrity sha512-DBwtEWN2caHQ9/imiNeEA5ys1JoRtRfY3d7V9wkqtbycnAmTvRRmbHKDV4a0EYc678/dia0jrte4tjYwVBaZUA==

lodash.isnumber@^3.0.3:
  version "3.0.3"
  resolved "https://registry.yarnpkg.com/lodash.isnumber/-/lodash.isnumber-3.0.3.tgz#3ce76810c5928d03352301ac287317f11c0b1ffc"
  integrity sha512-QYqzpfwO3/CWf3XP+Z+tkQsfaLL/EnUlXWVkIk5FUPc4sBdTehEqZONuyRt2P67PXAk+NXmTBcc97zw9t1FQrw==

lodash.isplainobject@^4.0.6:
  version "4.0.6"
  resolved "https://registry.yarnpkg.com/lodash.isplainobject/-/lodash.isplainobject-4.0.6.tgz#7c526a52d89b45c45cc690b88163be0497f550cb"
  integrity sha512-oSXzaWypCMHkPC3NvBEaPHf0KsA5mvPrOPgQWDsbg8n7orZ290M0BmC/jgRZ4vcJ6DTAhjrsSYgdsW/F+MFOBA==

lodash.isstring@^4.0.1:
  version "4.0.1"
  resolved "https://registry.yarnpkg.com/lodash.isstring/-/lodash.isstring-4.0.1.tgz#d527dfb5456eca7cc9bb95d5daeaf88ba54a5451"
  integrity sha512-0wJxfxH1wgO3GrbuP+dTTk7op+6L41QCXbGINEmD+ny/G/eCqGzxyCsh7159S+mgDDcoarnBw6PC1PS5+wUGgw==

lodash.once@^4.0.0:
  version "4.1.1"
  resolved "https://registry.yarnpkg.com/lodash.once/-/lodash.once-4.1.1.tgz#0dd3971213c7c56df880977d504c88fb471a97ac"
  integrity sha512-Sb487aTOCr9drQVL8pIxOzVhafOjZN9UU54hiN8PU3uAiSV7lx1yYNpbNmex2PK6dSJoNTSJUUswT651yww3Mg==

lru-cache@^6.0.0:
  version "6.0.0"
  resolved "https://registry.yarnpkg.com/lru-cache/-/lru-cache-6.0.0.tgz#6d6fe6570ebd96aaf90fcad1dafa3b2566db3a94"
  integrity sha512-Jo6dJ04CmSjuznwJSS3pUeWmd/H0ffTlkXXgwZi+eq1UCmqQwCh+eLsYOYCwY991i2Fah4h1BEMCx4qThGbsiA==
  dependencies:
    yallist "^4.0.0"

make-error@^1.1.1:
  version "1.3.6"
  resolved "https://registry.yarnpkg.com/make-error/-/make-error-1.3.6.tgz#2eb2e37ea9b67c4891f684a1394799af484cf7a2"
  integrity sha512-s8UhlNe7vPKomQhC1qFelMokr/Sc3AgNbso3n74mVPA5LTZwkB9NlXf4XPamLxJE8h0gh73rM94xvwRT2CVInw==

ms@^2.1.1:
  version "2.1.3"
  resolved "https://registry.yarnpkg.com/ms/-/ms-2.1.3.tgz#574c8138ce1d2b5861f0b44579dbadd60c6615b2"
  integrity sha512-6FlzubTLZG3J2a/NVCAleEhjzq5oxgHyaCU9yYXvcLsvoVaHJq/s5xXI6/XXP6tz7R9xAOtHnSO/tXtF3WRTlA==

node-fetch@^2.6.7:
  version "2.6.7"
  resolved "https://registry.yarnpkg.com/node-fetch/-/node-fetch-2.6.7.tgz#24de9fba827e3b4ae44dc8b20256a379160052ad"
  integrity sha512-ZjMPFEfVx5j+y2yF35Kzx5sF7kDzxuDj6ziH4FFbOp87zKDZNx8yExJIb05OGF4Nlt9IHFIMBkRl41VdvcNdbQ==
  dependencies:
    whatwg-url "^5.0.0"

octokit@^2.0.10:
  version "2.0.10"
  resolved "https://registry.yarnpkg.com/octokit/-/octokit-2.0.10.tgz#e3b991b34fba733ced82b4ddb2444aeeb7da0d2a"
  integrity sha512-sI15RZVaV9iyqLLEky4i++tMM48Fo9a80zrpOXMdAtbomznBLDi/moi9mAjJg7Ii+EaSEyaWOVIh3M/Vk/a5mw==
  dependencies:
    "@octokit/app" "^13.0.5"
    "@octokit/core" "^4.0.4"
    "@octokit/oauth-app" "^4.0.6"
    "@octokit/plugin-paginate-rest" "^5.0.0"
    "@octokit/plugin-rest-endpoint-methods" "^6.0.0"
    "@octokit/plugin-retry" "^4.0.3"
    "@octokit/plugin-throttling" "^4.0.1"
    "@octokit/types" "^8.0.0"

once@^1.4.0:
  version "1.4.0"
  resolved "https://registry.yarnpkg.com/once/-/once-1.4.0.tgz#583b1aa775961d4b113ac17d9c50baef9dd76bd1"
  integrity sha512-lNaJgI+2Q5URQBkccEKHTQOPaXdUxnZZElQTZY0MFUAuaEqe1E+Nyvgdz/aIyNi6Z9MzO5dv1H8n58/GELp3+w==
  dependencies:
    wrappy "1"

safe-buffer@^5.0.1:
  version "5.2.1"
  resolved "https://registry.yarnpkg.com/safe-buffer/-/safe-buffer-5.2.1.tgz#1eaf9fa9bdb1fdd4ec75f58f9cdb4e6b7827eec6"
  integrity sha512-rp3So07KcdmmKbGvgaNxQSJr7bGVSVk5S9Eq1F+ppbRo70+YeaDxkw5Dd8NPN+GD6bjnYm2VuPuCXmpuYvmCXQ==

semver@^5.6.0:
  version "5.7.1"
  resolved "https://registry.yarnpkg.com/semver/-/semver-5.7.1.tgz#a954f931aeba508d307bbf069eff0c01c96116f7"
  integrity sha512-sauaDf/PZdVgrLTNYHRtpXa1iRiKcaebiKQ1BJdpQlWH2lCvexQdX55snPFyK7QzpudqbCI0qXFfOasHdyNDGQ==

tr46@~0.0.3:
  version "0.0.3"
  resolved "https://registry.yarnpkg.com/tr46/-/tr46-0.0.3.tgz#8184fd347dac9cdc185992f3a6622e14b9d9ab6a"
  integrity sha512-N3WMsuqV66lT30CrXNbEjx4GEwlow3v6rr4mCcv6prnfwhS01rkgyFdjPNBYd9br7LpXV1+Emh01fHnq2Gdgrw==

ts-node@^10.9.1:
  version "10.9.1"
  resolved "https://registry.yarnpkg.com/ts-node/-/ts-node-10.9.1.tgz#e73de9102958af9e1f0b168a6ff320e25adcff4b"
  integrity sha512-NtVysVPkxxrwFGUUxGYhfux8k78pQB3JqYBXlLRZgdGUqTO5wU/UyHop5p70iEbGhB7q5KmiZiU0Y3KlJrScEw==
  dependencies:
    "@cspotcode/source-map-support" "^0.8.0"
    "@tsconfig/node10" "^1.0.7"
    "@tsconfig/node12" "^1.0.7"
    "@tsconfig/node14" "^1.0.0"
    "@tsconfig/node16" "^1.0.2"
    acorn "^8.4.1"
    acorn-walk "^8.1.1"
    arg "^4.1.0"
    create-require "^1.1.0"
    diff "^4.0.1"
    make-error "^1.1.1"
    v8-compile-cache-lib "^3.0.1"
    yn "3.1.1"

tslib@^2.1.0:
  version "2.4.1"
  resolved "https://registry.yarnpkg.com/tslib/-/tslib-2.4.1.tgz#0d0bfbaac2880b91e22df0768e55be9753a5b17e"
  integrity sha512-tGyy4dAjRIEwI7BzsB0lynWgOpfqjUdq91XXAlIWD2OwKBH7oCl/GZG/HT4BOHrTlPMOASlMQ7veyTqpmRcrNA==

universal-github-app-jwt@^1.0.1:
  version "1.1.0"
  resolved "https://registry.yarnpkg.com/universal-github-app-jwt/-/universal-github-app-jwt-1.1.0.tgz#0abaa876101cdf1d3e4c546be2768841c0c1b514"
  integrity sha512-3b+ocAjjz4JTyqaOT+NNBd5BtTuvJTxWElIoeHSVelUV9J3Jp7avmQTdLKCaoqi/5Ox2o/q+VK19TJ233rVXVQ==
  dependencies:
    "@types/jsonwebtoken" "^8.3.3"
    jsonwebtoken "^8.5.1"

universal-user-agent@^6.0.0:
  version "6.0.0"
  resolved "https://registry.yarnpkg.com/universal-user-agent/-/universal-user-agent-6.0.0.tgz#3381f8503b251c0d9cd21bc1de939ec9df5480ee"
  integrity sha512-isyNax3wXoKaulPDZWHQqbmIx1k2tb9fb3GGDBRxCscfYV2Ch7WxPArBsFEG8s/safwXTT7H4QGhaIkTp9447w==

v8-compile-cache-lib@^3.0.1:
  version "3.0.1"
  resolved "https://registry.yarnpkg.com/v8-compile-cache-lib/-/v8-compile-cache-lib-3.0.1.tgz#6336e8d71965cb3d35a1bbb7868445a7c05264bf"
  integrity sha512-wa7YjyUGfNZngI/vtK0UHAN+lgDCxBPCylVXGp0zu59Fz5aiGtNXaq3DhIov063MorB+VfufLh3JlF2KdTK3xg==

webidl-conversions@^3.0.0:
  version "3.0.1"
  resolved "https://registry.yarnpkg.com/webidl-conversions/-/webidl-conversions-3.0.1.tgz#24534275e2a7bc6be7bc86611cc16ae0a5654871"
  integrity sha512-2JAn3z8AR6rjK8Sm8orRC0h/bcl/DqL7tRPdGZ4I1CjdF+EaMLmYxBHyXuKL849eucPFhvBoxMsflfOb8kxaeQ==

whatwg-url@^5.0.0:
  version "5.0.0"
  resolved "https://registry.yarnpkg.com/whatwg-url/-/whatwg-url-5.0.0.tgz#966454e8765462e37644d3626f6742ce8b70965d"
  integrity sha512-saE57nupxk6v3HY35+jzBwYa0rKSy0XR8JSxZPwgLr7ys0IBzhGviA1/TUGJLmSVqs8pb9AnvICXEuOHLprYTw==
  dependencies:
    tr46 "~0.0.3"
    webidl-conversions "^3.0.0"

wrappy@1:
  version "1.0.2"
  resolved "https://registry.yarnpkg.com/wrappy/-/wrappy-1.0.2.tgz#b5243d8f3ec1aa35f1364605bc0d1036e30ab69f"
  integrity sha512-l4Sp/DRseor9wL6EvV2+TuQn63dMkPjZ/sp9XkghTEbV9KlPS1xUsZ3u7/IQO4wxtcFB4bgpQPRcR3QCvezPcQ==

yallist@^4.0.0:
  version "4.0.0"
  resolved "https://registry.yarnpkg.com/yallist/-/yallist-4.0.0.tgz#9bb92790d9c0effec63be73519e11a35019a3a72"
  integrity sha512-3wdGidZyq5PB084XLES5TpOSRA3wjXAlIWMhum2kRcv/41Sn2emQ0dycQW4uZXLejwKvg6EsvbdlVL+FYEct7A==

yn@3.1.1:
  version "3.1.1"
  resolved "https://registry.yarnpkg.com/yn/-/yn-3.1.1.tgz#1e87401a09d767c1d5eab26a6e4c185182d2eb50"
  integrity sha512-Ux4ygGWsu2c7isFWe8Yu1YluJmqVhxqK2cLXNQA5AcC3QfbGNpM7fu0Y8b/z16pXLnFxZYvWhd3fhBY9DLmC6Q==
